
Microsoft Visual Studio Solution File, Format Version 12.00
# Visual Studio 14
VisualStudioVersion = 14.0.25420.1
MinimumVisualStudioVersion = 10.0.40219.1
Project("{2150E333-8FDC-42A3-9474-1A3956D46DE8}") = "01 - Domain", "01 - Domain", "{FEFCF19C-0ACE-4D5C-8686-148B21F48C21}"
EndProject
Project("{8BB2217D-0F2D-49D1-97BC-3654ED321F3B}") = "Domain Entities", "Domain Entities\Domain Entities.xproj", "{87A27A7A-E552-4BA3-B1A3-6ABFEEB98A30}"
EndProject
Project("{8BB2217D-0F2D-49D1-97BC-3654ED321F3B}") = "Domain Interfaces", "Domain Interfaces\Domain Interfaces.xproj", "{805D3CC9-9100-4CA6-9999-1F939061D2DB}"
EndProject
Project("{2150E333-8FDC-42A3-9474-1A3956D46DE8}") = "02 - Service Interfaces", "02 - Service Interfaces", "{09385730-B185-4972-AF2B-83E071BE6C9E}"
EndProject
Project("{8BB2217D-0F2D-49D1-97BC-3654ED321F3B}") = "Service Interfaces", "Service Interfaces\Service Interfaces.xproj", "{54735EF7-ADFA-4689-83FF-353668AA5B0E}"
EndProject
Project("{2150E333-8FDC-42A3-9474-1A3956D46DE8}") = "03 - Services", "03 - Services", "{F7042DEB-9978-4A11-BC1C-A46A5DA64CEF}"
EndProject
Project("{8BB2217D-0F2D-49D1-97BC-3654ED321F3B}") = "Services", "Services\Services.xproj", "{86107A46-FCA1-4892-9DCC-1E5AC3DD49F6}"
EndProject
Project("{2150E333-8FDC-42A3-9474-1A3956D46DE8}") = "04 - Infrastructure", "04 - Infrastructure", "{9FF81B35-3814-41A3-BD89-5C4CBFFA3549}"
EndProject
Project("{8BB2217D-0F2D-49D1-97BC-3654ED321F3B}") = "Infrastructure.Data", "Infrastructure.Data\Infrastructure.Data.xproj", "{44B27F46-7719-470A-B61E-F8D851359DB6}"
EndProject
Project("{8BB2217D-0F2D-49D1-97BC-3654ED321F3B}") = "Infrastructure.Contexts", "Infrastructure.Contexts\Infrastructure.Contexts.xproj", "{C4002223-ABD9-4880-B639-A7FF94A44976}"
EndProject
Project("{8BB2217D-0F2D-49D1-97BC-3654ED321F3B}") = "DatabaseSettings", "DatabaseSettings\DatabaseSettings.xproj", "{D73BFB62-67BC-485F-B00C-2A0012D68198}"
EndProject
Project("{2150E333-8FDC-42A3-9474-1A3956D46DE8}") = "05 - User Interface", "05 - User Interface", "{650B8141-C87D-486A-BE86-50A3D7474605}"
EndProject
Project("{8BB2217D-0F2D-49D1-97BC-3654ED321F3B}") = "UI.WebApi", "UI.WebApi\UI.WebApi.xproj", "{71600E6F-10E2-4D3C-820A-87F443048E5B}"
EndProject
Project("{8BB2217D-0F2D-49D1-97BC-3654ED321F3B}") = "UI.MVC", "UI.MVC\UI.MVC.xproj", "{E53172AA-AB3B-4E65-A722-6D444E5BA6DB}"
EndProject
Project("{2150E333-8FDC-42A3-9474-1A3956D46DE8}") = "06 - Tests", "06 - Tests", "{7E1A4AAD-0541-4157-BE66-683EE0242AAE}"
EndProject
Global
	GlobalSection(SolutionConfigurationPlatforms) = preSolution
		Debug|Any CPU = Debug|Any CPU
		Release|Any CPU = Release|Any CPU
	EndGlobalSection
	GlobalSection(ProjectConfigurationPlatforms) = postSolution
		{87A27A7A-E552-4BA3-B1A3-6ABFEEB98A30}.Debug|Any CPU.ActiveCfg = Debug|Any CPU
		{87A27A7A-E552-4BA3-B1A3-6ABFEEB98A30}.Debug|Any CPU.Build.0 = Debug|Any CPU
		{87A27A7A-E552-4BA3-B1A3-6ABFEEB98A30}.Release|Any CPU.ActiveCfg = Release|Any CPU
		{87A27A7A-E552-4BA3-B1A3-6ABFEEB98A30}.Release|Any CPU.Build.0 = Release|Any CPU
		{805D3CC9-9100-4CA6-9999-1F939061D2DB}.Debug|Any CPU.ActiveCfg = Debug|Any CPU
		{805D3CC9-9100-4CA6-9999-1F939061D2DB}.Debug|Any CPU.Build.0 = Debug|Any CPU
		{805D3CC9-9100-4CA6-9999-1F939061D2DB}.Release|Any CPU.ActiveCfg = Release|Any CPU
		{805D3CC9-9100-4CA6-9999-1F939061D2DB}.Release|Any CPU.Build.0 = Release|Any CPU
		{54735EF7-ADFA-4689-83FF-353668AA5B0E}.Debug|Any CPU.ActiveCfg = Debug|Any CPU
		{54735EF7-ADFA-4689-83FF-353668AA5B0E}.Debug|Any CPU.Build.0 = Debug|Any CPU
		{54735EF7-ADFA-4689-83FF-353668AA5B0E}.Release|Any CPU.ActiveCfg = Release|Any CPU
		{54735EF7-ADFA-4689-83FF-353668AA5B0E}.Release|Any CPU.Build.0 = Release|Any CPU
		{86107A46-FCA1-4892-9DCC-1E5AC3DD49F6}.Debug|Any CPU.ActiveCfg = Debug|Any CPU
		{86107A46-FCA1-4892-9DCC-1E5AC3DD49F6}.Debug|Any CPU.Build.0 = Debug|Any CPU
		{86107A46-FCA1-4892-9DCC-1E5AC3DD49F6}.Release|Any CPU.ActiveCfg = Release|Any CPU
		{86107A46-FCA1-4892-9DCC-1E5AC3DD49F6}.Release|Any CPU.Build.0 = Release|Any CPU
		{44B27F46-7719-470A-B61E-F8D851359DB6}.Debug|Any CPU.ActiveCfg = Debug|Any CPU
		{44B27F46-7719-470A-B61E-F8D851359DB6}.Debug|Any CPU.Build.0 = Debug|Any CPU
		{44B27F46-7719-470A-B61E-F8D851359DB6}.Release|Any CPU.ActiveCfg = Release|Any CPU
		{44B27F46-7719-470A-B61E-F8D851359DB6}.Release|Any CPU.Build.0 = Release|Any CPU
		{C4002223-ABD9-4880-B639-A7FF94A44976}.Debug|Any CPU.ActiveCfg = Debug|Any CPU
		{C4002223-ABD9-4880-B639-A7FF94A44976}.Debug|Any CPU.Build.0 = Debug|Any CPU
		{C4002223-ABD9-4880-B639-A7FF94A44976}.Release|Any CPU.ActiveCfg = Release|Any CPU
		{C4002223-ABD9-4880-B639-A7FF94A44976}.Release|Any CPU.Build.0 = Release|Any CPU
		{D73BFB62-67BC-485F-B00C-2A0012D68198}.Debug|Any CPU.ActiveCfg = Debug|Any CPU
		{D73BFB62-67BC-485F-B00C-2A0012D68198}.Debug|Any CPU.Build.0 = Debug|Any CPU
		{D73BFB62-67BC-485F-B00C-2A0012D68198}.Release|Any CPU.ActiveCfg = Release|Any CPU
		{D73BFB62-67BC-485F-B00C-2A0012D68198}.Release|Any CPU.Build.0 = Release|Any CPU
		{71600E6F-10E2-4D3C-820A-87F443048E5B}.Debug|Any CPU.ActiveCfg = Debug|Any CPU
		{71600E6F-10E2-4D3C-820A-87F443048E5B}.Debug|Any CPU.Build.0 = Debug|Any CPU
		{71600E6F-10E2-4D3C-820A-87F443048E5B}.Release|Any CPU.ActiveCfg = Release|Any CPU
		{71600E6F-10E2-4D3C-820A-87F443048E5B}.Release|Any CPU.Build.0 = Release|Any CPU
		{E53172AA-AB3B-4E65-A722-6D444E5BA6DB}.Debug|Any CPU.ActiveCfg = Debug|Any CPU
		{E53172AA-AB3B-4E65-A722-6D444E5BA6DB}.Debug|Any CPU.Build.0 = Debug|Any CPU
		{E53172AA-AB3B-4E65-A722-6D444E5BA6DB}.Release|Any CPU.ActiveCfg = Release|Any CPU
		{E53172AA-AB3B-4E65-A722-6D444E5BA6DB}.Release|Any CPU.Build.0 = Release|Any CPU
	EndGlobalSection
	GlobalSection(SolutionProperties) = preSolution
		HideSolutionNode = FALSE
	EndGlobalSection
	GlobalSection(NestedProjects) = preSolution
		{87A27A7A-E552-4BA3-B1A3-6ABFEEB98A30} = {FEFCF19C-0ACE-4D5C-8686-148B21F48C21}
		{805D3CC9-9100-4CA6-9999-1F939061D2DB} = {FEFCF19C-0ACE-4D5C-8686-148B21F48C21}
		{54735EF7-ADFA-4689-83FF-353668AA5B0E} = {09385730-B185-4972-AF2B-83E071BE6C9E}
		{86107A46-FCA1-4892-9DCC-1E5AC3DD49F6} = {F7042DEB-9978-4A11-BC1C-A46A5DA64CEF}
		{44B27F46-7719-470A-B61E-F8D851359DB6} = {9FF81B35-3814-41A3-BD89-5C4CBFFA3549}
		{C4002223-ABD9-4880-B639-A7FF94A44976} = {9FF81B35-3814-41A3-BD89-5C4CBFFA3549}
		{D73BFB62-67BC-485F-B00C-2A0012D68198} = {9FF81B35-3814-41A3-BD89-5C4CBFFA3549}
		{71600E6F-10E2-4D3C-820A-87F443048E5B} = {650B8141-C87D-486A-BE86-50A3D7474605}
		{E53172AA-AB3B-4E65-A722-6D444E5BA6DB} = {650B8141-C87D-486A-BE86-50A3D7474605}
	EndGlobalSection
EndGlobal
